
Microsoft Visual Studio Solution File, Format Version 12.00
# Visual Studio Version 16
VisualStudioVersion = 16.0.29920.165
MinimumVisualStudioVersion = 10.0.40219.1
Project("{9A19103F-16F7-4668-BE54-9A1E7A4F7556}") = "Demo", "Demo.csproj", "{ECA2CD15-530B-4FD0-A1DD-E04C894C1451}"
EndProject
Global
	GlobalSection(SolutionConfigurationPlatforms) = preSolution
		Debug|Any CPU = Debug|Any CPU
		Release|Any CPU = Release|Any CPU
	EndGlobalSection
	GlobalSection(ProjectConfigurationPlatforms) = postSolution
		{ECA2CD15-530B-4FD0-A1DD-E04C894C1451}.Debug|Any CPU.ActiveCfg = Debug|Any CPU
		{ECA2CD15-530B-4FD0-A1DD-E04C894C1451}.Debug|Any CPU.Build.0 = Debug|Any CPU
		{ECA2CD15-530B-4FD0-A1DD-E04C894C1451}.Release|Any CPU.ActiveCfg = Release|Any CPU
		{ECA2CD15-530B-4FD0-A1DD-E04C894C1451}.Release|Any CPU.Build.0 = Release|Any CPU
	EndGlobalSection
	GlobalSection(SolutionProperties) = preSolution
		HideSolutionNode = FALSE
	EndGlobalSection
	GlobalSection(ExtensibilityGlobals) = postSolution
		SolutionGuid = {EAC4E21A-97D2-4622-8568-B37D433B30E8}
	EndGlobalSection
EndGlobal
